
Microsoft Visual Studio Solution File, Format Version 12.00
# Visual Studio 2013
VisualStudioVersion = 12.0.40629.0
MinimumVisualStudioVersion = 10.0.40219.1
Project("{FAE04EC0-301F-11D3-BF4B-00C04F79EFBC}") = "Task1", "Task1\Task1.csproj", "{CCBBFB9E-451B-4596-9958-4C40271B7EB0}"
EndProject
Project("{FAE04EC0-301F-11D3-BF4B-00C04F79EFBC}") = "Task2", "Task2\Task2.csproj", "{4B804F97-73C6-4585-B826-3AFACF30448D}"
EndProject
Project("{FAE04EC0-301F-11D3-BF4B-00C04F79EFBC}") = "Task3", "Task3\Task3.csproj", "{8D5BEE76-19AA-4910-AEB7-1D7565B6F93C}"
EndProject
Project("{FAE04EC0-301F-11D3-BF4B-00C04F79EFBC}") = "Task4", "Task4\Task4.csproj", "{58CD7494-0C99-4179-984A-D1C2C511F61D}"
EndProject
Project("{FAE04EC0-301F-11D3-BF4B-00C04F79EFBC}") = "Task5", "Task5\Task5.csproj", "{0937C46D-3F45-45FE-B4A7-308F4365E49F}"
EndProject
Project("{FAE04EC0-301F-11D3-BF4B-00C04F79EFBC}") = "Task6", "Task6\Task6.csproj", "{B611269E-4853-43B3-87C8-AD8E59A7195D}"
EndProject
Project("{FAE04EC0-301F-11D3-BF4B-00C04F79EFBC}") = "Task7", "Task7\Task7.csproj", "{455AC584-D80A-4E54-A657-9DB8E68FEA03}"
EndProject
Project("{FAE04EC0-301F-11D3-BF4B-00C04F79EFBC}") = "Task8", "Task8\Task8.csproj", "{B58E75AE-272D-4A0B-98A8-D01FB7488C7B}"
EndProject
Project("{FAE04EC0-301F-11D3-BF4B-00C04F79EFBC}") = "Task9", "Task9\Task9.csproj", "{3A292C17-6C4A-488F-AFEB-3D5E6F94A603}"
EndProject
Project("{FAE04EC0-301F-11D3-BF4B-00C04F79EFBC}") = "Task10", "Task10\Task10.csproj", "{4560B9FD-A6F6-4E58-B01B-E14101A06AFE}"
EndProject
Project("{FAE04EC0-301F-11D3-BF4B-00C04F79EFBC}") = "Task11", "Task11\Task11.csproj", "{BE44A2CB-8E57-45CE-B124-6B522E6B5495}"
EndProject
Project("{FAE04EC0-301F-11D3-BF4B-00C04F79EFBC}") = "Task12", "Task12\Task12.csproj", "{BF95F62E-6B71-47DC-BE96-6F4A6ACC154F}"
EndProject
Project("{FAE04EC0-301F-11D3-BF4B-00C04F79EFBC}") = "Task13", "Task13\Task13.csproj", "{DA5EDB94-B6A3-4521-9836-F2B54C27A435}"
EndProject
Project("{FAE04EC0-301F-11D3-BF4B-00C04F79EFBC}") = "Task14", "Task14\Task14.csproj", "{37D48B9E-3F14-4CE4-973A-760D447A24B6}"
EndProject
Project("{FAE04EC0-301F-11D3-BF4B-00C04F79EFBC}") = "Task15", "Task15\Task15.csproj", "{E24AA4E4-2E85-4B06-8951-10D4B024B651}"
EndProject
Project("{FAE04EC0-301F-11D3-BF4B-00C04F79EFBC}") = "Task16", "Task16\Task16.csproj", "{D2C39491-C428-4CDA-8632-10C1376CD28D}"
EndProject
Project("{FAE04EC0-301F-11D3-BF4B-00C04F79EFBC}") = "Task17", "Task17\Task17.csproj", "{75F76207-B3F6-4E05-A169-D9252A9ED2A6}"
EndProject
Project("{FAE04EC0-301F-11D3-BF4B-00C04F79EFBC}") = "Task26", "Task26\Task26.csproj", "{DC59F602-0322-4048-8EEC-0A570280D642}"
EndProject
Project("{FAE04EC0-301F-11D3-BF4B-00C04F79EFBC}") = "Task18", "Task18\Task18.csproj", "{B5CF5A04-EFB8-438D-8F59-1F34663E3838}"
EndProject
Project("{FAE04EC0-301F-11D3-BF4B-00C04F79EFBC}") = "Task19", "Task19\Task19.csproj", "{B7E33843-66EB-44CE-9F50-C35315808ACA}"
EndProject
Project("{FAE04EC0-301F-11D3-BF4B-00C04F79EFBC}") = "Task20", "Task20\Task20.csproj", "{559791E4-4F6B-4E47-9947-A335B046679B}"
EndProject
Project("{FAE04EC0-301F-11D3-BF4B-00C04F79EFBC}") = "Task21", "Task21\Task21.csproj", "{E899A381-E532-43EE-B94C-6E81DDF3FFF2}"
EndProject
Project("{FAE04EC0-301F-11D3-BF4B-00C04F79EFBC}") = "Task22", "Task22\Task22.csproj", "{CFCF2E9D-6397-4327-A6E9-2D51A06D2EDF}"
EndProject
Project("{FAE04EC0-301F-11D3-BF4B-00C04F79EFBC}") = "Task23", "Task23\Task23.csproj", "{0DAA7CD7-FB19-48DE-B9BD-9C84F4D3733A}"
EndProject
Project("{FAE04EC0-301F-11D3-BF4B-00C04F79EFBC}") = "Task24", "Task24\Task24.csproj", "{0EB70159-0E83-44CB-9763-CA332001B02D}"
EndProject
Project("{FAE04EC0-301F-11D3-BF4B-00C04F79EFBC}") = "Task25", "Task25\Task25.csproj", "{3D0393BD-564E-4101-82F4-F08E8A790AF5}"
EndProject
Global
	GlobalSection(SolutionConfigurationPlatforms) = preSolution
		Debug|Any CPU = Debug|Any CPU
		Release|Any CPU = Release|Any CPU
	EndGlobalSection
	GlobalSection(ProjectConfigurationPlatforms) = postSolution
		{CCBBFB9E-451B-4596-9958-4C40271B7EB0}.Debug|Any CPU.ActiveCfg = Debug|Any CPU
		{CCBBFB9E-451B-4596-9958-4C40271B7EB0}.Debug|Any CPU.Build.0 = Debug|Any CPU
		{CCBBFB9E-451B-4596-9958-4C40271B7EB0}.Release|Any CPU.ActiveCfg = Release|Any CPU
		{CCBBFB9E-451B-4596-9958-4C40271B7EB0}.Release|Any CPU.Build.0 = Release|Any CPU
		{4B804F97-73C6-4585-B826-3AFACF30448D}.Debug|Any CPU.ActiveCfg = Debug|Any CPU
		{4B804F97-73C6-4585-B826-3AFACF30448D}.Debug|Any CPU.Build.0 = Debug|Any CPU
		{4B804F97-73C6-4585-B826-3AFACF30448D}.Release|Any CPU.ActiveCfg = Release|Any CPU
		{4B804F97-73C6-4585-B826-3AFACF30448D}.Release|Any CPU.Build.0 = Release|Any CPU
		{8D5BEE76-19AA-4910-AEB7-1D7565B6F93C}.Debug|Any CPU.ActiveCfg = Debug|Any CPU
		{8D5BEE76-19AA-4910-AEB7-1D7565B6F93C}.Debug|Any CPU.Build.0 = Debug|Any CPU
		{8D5BEE76-19AA-4910-AEB7-1D7565B6F93C}.Release|Any CPU.ActiveCfg = Release|Any CPU
		{8D5BEE76-19AA-4910-AEB7-1D7565B6F93C}.Release|Any CPU.Build.0 = Release|Any CPU
		{58CD7494-0C99-4179-984A-D1C2C511F61D}.Debug|Any CPU.ActiveCfg = Debug|Any CPU
		{58CD7494-0C99-4179-984A-D1C2C511F61D}.Debug|Any CPU.Build.0 = Debug|Any CPU
		{58CD7494-0C99-4179-984A-D1C2C511F61D}.Release|Any CPU.ActiveCfg = Release|Any CPU
		{58CD7494-0C99-4179-984A-D1C2C511F61D}.Release|Any CPU.Build.0 = Release|Any CPU
		{0937C46D-3F45-45FE-B4A7-308F4365E49F}.Debug|Any CPU.ActiveCfg = Debug|Any CPU
		{0937C46D-3F45-45FE-B4A7-308F4365E49F}.Debug|Any CPU.Build.0 = Debug|Any CPU
		{0937C46D-3F45-45FE-B4A7-308F4365E49F}.Release|Any CPU.ActiveCfg = Release|Any CPU
		{0937C46D-3F45-45FE-B4A7-308F4365E49F}.Release|Any CPU.Build.0 = Release|Any CPU
		{B611269E-4853-43B3-87C8-AD8E59A7195D}.Debug|Any CPU.ActiveCfg = Debug|Any CPU
		{B611269E-4853-43B3-87C8-AD8E59A7195D}.Debug|Any CPU.Build.0 = Debug|Any CPU
		{B611269E-4853-43B3-87C8-AD8E59A7195D}.Release|Any CPU.ActiveCfg = Release|Any CPU
		{B611269E-4853-43B3-87C8-AD8E59A7195D}.Release|Any CPU.Build.0 = Release|Any CPU
		{455AC584-D80A-4E54-A657-9DB8E68FEA03}.Debug|Any CPU.ActiveCfg = Debug|Any CPU
		{455AC584-D80A-4E54-A657-9DB8E68FEA03}.Debug|Any CPU.Build.0 = Debug|Any CPU
		{455AC584-D80A-4E54-A657-9DB8E68FEA03}.Release|Any CPU.ActiveCfg = Release|Any CPU
		{455AC584-D80A-4E54-A657-9DB8E68FEA03}.Release|Any CPU.Build.0 = Release|Any CPU
		{B58E75AE-272D-4A0B-98A8-D01FB7488C7B}.Debug|Any CPU.ActiveCfg = Debug|Any CPU
		{B58E75AE-272D-4A0B-98A8-D01FB7488C7B}.Debug|Any CPU.Build.0 = Debug|Any CPU
		{B58E75AE-272D-4A0B-98A8-D01FB7488C7B}.Release|Any CPU.ActiveCfg = Release|Any CPU
		{B58E75AE-272D-4A0B-98A8-D01FB7488C7B}.Release|Any CPU.Build.0 = Release|Any CPU
		{3A292C17-6C4A-488F-AFEB-3D5E6F94A603}.Debug|Any CPU.ActiveCfg = Debug|Any CPU
		{3A292C17-6C4A-488F-AFEB-3D5E6F94A603}.Debug|Any CPU.Build.0 = Debug|Any CPU
		{3A292C17-6C4A-488F-AFEB-3D5E6F94A603}.Release|Any CPU.ActiveCfg = Release|Any CPU
		{3A292C17-6C4A-488F-AFEB-3D5E6F94A603}.Release|Any CPU.Build.0 = Release|Any CPU
		{4560B9FD-A6F6-4E58-B01B-E14101A06AFE}.Debug|Any CPU.ActiveCfg = Debug|Any CPU
		{4560B9FD-A6F6-4E58-B01B-E14101A06AFE}.Debug|Any CPU.Build.0 = Debug|Any CPU
		{4560B9FD-A6F6-4E58-B01B-E14101A06AFE}.Release|Any CPU.ActiveCfg = Release|Any CPU
		{4560B9FD-A6F6-4E58-B01B-E14101A06AFE}.Release|Any CPU.Build.0 = Release|Any CPU
		{BE44A2CB-8E57-45CE-B124-6B522E6B5495}.Debug|Any CPU.ActiveCfg = Debug|Any CPU
		{BE44A2CB-8E57-45CE-B124-6B522E6B5495}.Debug|Any CPU.Build.0 = Debug|Any CPU
		{BE44A2CB-8E57-45CE-B124-6B522E6B5495}.Release|Any CPU.ActiveCfg = Release|Any CPU
		{BE44A2CB-8E57-45CE-B124-6B522E6B5495}.Release|Any CPU.Build.0 = Release|Any CPU
		{BF95F62E-6B71-47DC-BE96-6F4A6ACC154F}.Debug|Any CPU.ActiveCfg = Debug|Any CPU
		{BF95F62E-6B71-47DC-BE96-6F4A6ACC154F}.Debug|Any CPU.Build.0 = Debug|Any CPU
		{BF95F62E-6B71-47DC-BE96-6F4A6ACC154F}.Release|Any CPU.ActiveCfg = Release|Any CPU
		{BF95F62E-6B71-47DC-BE96-6F4A6ACC154F}.Release|Any CPU.Build.0 = Release|Any CPU
		{DA5EDB94-B6A3-4521-9836-F2B54C27A435}.Debug|Any CPU.ActiveCfg = Debug|Any CPU
		{DA5EDB94-B6A3-4521-9836-F2B54C27A435}.Debug|Any CPU.Build.0 = Debug|Any CPU
		{DA5EDB94-B6A3-4521-9836-F2B54C27A435}.Release|Any CPU.ActiveCfg = Release|Any CPU
		{DA5EDB94-B6A3-4521-9836-F2B54C27A435}.Release|Any CPU.Build.0 = Release|Any CPU
		{37D48B9E-3F14-4CE4-973A-760D447A24B6}.Debug|Any CPU.ActiveCfg = Debug|Any CPU
		{37D48B9E-3F14-4CE4-973A-760D447A24B6}.Debug|Any CPU.Build.0 = Debug|Any CPU
		{37D48B9E-3F14-4CE4-973A-760D447A24B6}.Release|Any CPU.ActiveCfg = Release|Any CPU
		{37D48B9E-3F14-4CE4-973A-760D447A24B6}.Release|Any CPU.Build.0 = Release|Any CPU
		{E24AA4E4-2E85-4B06-8951-10D4B024B651}.Debug|Any CPU.ActiveCfg = Debug|Any CPU
		{E24AA4E4-2E85-4B06-8951-10D4B024B651}.Debug|Any CPU.Build.0 = Debug|Any CPU
		{E24AA4E4-2E85-4B06-8951-10D4B024B651}.Release|Any CPU.ActiveCfg = Release|Any CPU
		{E24AA4E4-2E85-4B06-8951-10D4B024B651}.Release|Any CPU.Build.0 = Release|Any CPU
		{D2C39491-C428-4CDA-8632-10C1376CD28D}.Debug|Any CPU.ActiveCfg = Debug|Any CPU
		{D2C39491-C428-4CDA-8632-10C1376CD28D}.Debug|Any CPU.Build.0 = Debug|Any CPU
		{D2C39491-C428-4CDA-8632-10C1376CD28D}.Release|Any CPU.ActiveCfg = Release|Any CPU
		{D2C39491-C428-4CDA-8632-10C1376CD28D}.Release|Any CPU.Build.0 = Release|Any CPU
		{75F76207-B3F6-4E05-A169-D9252A9ED2A6}.Debug|Any CPU.ActiveCfg = Debug|Any CPU
		{75F76207-B3F6-4E05-A169-D9252A9ED2A6}.Debug|Any CPU.Build.0 = Debug|Any CPU
		{75F76207-B3F6-4E05-A169-D9252A9ED2A6}.Release|Any CPU.ActiveCfg = Release|Any CPU
		{75F76207-B3F6-4E05-A169-D9252A9ED2A6}.Release|Any CPU.Build.0 = Release|Any CPU
		{DC59F602-0322-4048-8EEC-0A570280D642}.Debug|Any CPU.ActiveCfg = Debug|Any CPU
		{DC59F602-0322-4048-8EEC-0A570280D642}.Debug|Any CPU.Build.0 = Debug|Any CPU
		{DC59F602-0322-4048-8EEC-0A570280D642}.Release|Any CPU.ActiveCfg = Release|Any CPU
		{DC59F602-0322-4048-8EEC-0A570280D642}.Release|Any CPU.Build.0 = Release|Any CPU
		{B5CF5A04-EFB8-438D-8F59-1F34663E3838}.Debug|Any CPU.ActiveCfg = Debug|Any CPU
		{B5CF5A04-EFB8-438D-8F59-1F34663E3838}.Debug|Any CPU.Build.0 = Debug|Any CPU
		{B5CF5A04-EFB8-438D-8F59-1F34663E3838}.Release|Any CPU.ActiveCfg = Release|Any CPU
		{B5CF5A04-EFB8-438D-8F59-1F34663E3838}.Release|Any CPU.Build.0 = Release|Any CPU
		{B7E33843-66EB-44CE-9F50-C35315808ACA}.Debug|Any CPU.ActiveCfg = Debug|Any CPU
		{B7E33843-66EB-44CE-9F50-C35315808ACA}.Debug|Any CPU.Build.0 = Debug|Any CPU
		{B7E33843-66EB-44CE-9F50-C35315808ACA}.Release|Any CPU.ActiveCfg = Release|Any CPU
		{B7E33843-66EB-44CE-9F50-C35315808ACA}.Release|Any CPU.Build.0 = Release|Any CPU
		{559791E4-4F6B-4E47-9947-A335B046679B}.Debug|Any CPU.ActiveCfg = Debug|Any CPU
		{559791E4-4F6B-4E47-9947-A335B046679B}.Debug|Any CPU.Build.0 = Debug|Any CPU
		{559791E4-4F6B-4E47-9947-A335B046679B}.Release|Any CPU.ActiveCfg = Release|Any CPU
		{559791E4-4F6B-4E47-9947-A335B046679B}.Release|Any CPU.Build.0 = Release|Any CPU
		{E899A381-E532-43EE-B94C-6E81DDF3FFF2}.Debug|Any CPU.ActiveCfg = Debug|Any CPU
		{E899A381-E532-43EE-B94C-6E81DDF3FFF2}.Debug|Any CPU.Build.0 = Debug|Any CPU
		{E899A381-E532-43EE-B94C-6E81DDF3FFF2}.Release|Any CPU.ActiveCfg = Release|Any CPU
		{E899A381-E532-43EE-B94C-6E81DDF3FFF2}.Release|Any CPU.Build.0 = Release|Any CPU
		{CFCF2E9D-6397-4327-A6E9-2D51A06D2EDF}.Debug|Any CPU.ActiveCfg = Debug|Any CPU
		{CFCF2E9D-6397-4327-A6E9-2D51A06D2EDF}.Debug|Any CPU.Build.0 = Debug|Any CPU
		{CFCF2E9D-6397-4327-A6E9-2D51A06D2EDF}.Release|Any CPU.ActiveCfg = Release|Any CPU
		{CFCF2E9D-6397-4327-A6E9-2D51A06D2EDF}.Release|Any CPU.Build.0 = Release|Any CPU
		{0DAA7CD7-FB19-48DE-B9BD-9C84F4D3733A}.Debug|Any CPU.ActiveCfg = Debug|Any CPU
		{0DAA7CD7-FB19-48DE-B9BD-9C84F4D3733A}.Debug|Any CPU.Build.0 = Debug|Any CPU
		{0DAA7CD7-FB19-48DE-B9BD-9C84F4D3733A}.Release|Any CPU.ActiveCfg = Release|Any CPU
		{0DAA7CD7-FB19-48DE-B9BD-9C84F4D3733A}.Release|Any CPU.Build.0 = Release|Any CPU
		{0EB70159-0E83-44CB-9763-CA332001B02D}.Debug|Any CPU.ActiveCfg = Debug|Any CPU
		{0EB70159-0E83-44CB-9763-CA332001B02D}.Debug|Any CPU.Build.0 = Debug|Any CPU
		{0EB70159-0E83-44CB-9763-CA332001B02D}.Release|Any CPU.ActiveCfg = Release|Any CPU
		{0EB70159-0E83-44CB-9763-CA332001B02D}.Release|Any CPU.Build.0 = Release|Any CPU
		{3D0393BD-564E-4101-82F4-F08E8A790AF5}.Debug|Any CPU.ActiveCfg = Debug|Any CPU
		{3D0393BD-564E-4101-82F4-F08E8A790AF5}.Debug|Any CPU.Build.0 = Debug|Any CPU
		{3D0393BD-564E-4101-82F4-F08E8A790AF5}.Release|Any CPU.ActiveCfg = Release|Any CPU
		{3D0393BD-564E-4101-82F4-F08E8A790AF5}.Release|Any CPU.Build.0 = Release|Any CPU
	EndGlobalSection
	GlobalSection(SolutionProperties) = preSolution
		HideSolutionNode = FALSE
	EndGlobalSection
EndGlobal
