
Microsoft Visual Studio Solution File, Format Version 12.00
# Visual Studio 2013
VisualStudioVersion = 12.0.40629.0
MinimumVisualStudioVersion = 10.0.40219.1
Project("{FAE04EC0-301F-11D3-BF4B-00C04F79EFBC}") = "Exercise1", "Exercise1\Exercise1.csproj", "{7DBE1B1F-E2AE-42F4-B493-2CE87D287BD9}"
EndProject
Project("{FAE04EC0-301F-11D3-BF4B-00C04F79EFBC}") = "Exercise2Palindromes", "Exercise2Palindromes\Exercise2Palindromes.csproj", "{D0F223ED-D500-4731-B8AE-BC09B07469E0}"
EndProject
Global
	GlobalSection(SolutionConfigurationPlatforms) = preSolution
		Debug|Any CPU = Debug|Any CPU
		Release|Any CPU = Release|Any CPU
	EndGlobalSection
	GlobalSection(ProjectConfigurationPlatforms) = postSolution
		{7DBE1B1F-E2AE-42F4-B493-2CE87D287BD9}.Debug|Any CPU.ActiveCfg = Debug|Any CPU
		{7DBE1B1F-E2AE-42F4-B493-2CE87D287BD9}.Debug|Any CPU.Build.0 = Debug|Any CPU
		{7DBE1B1F-E2AE-42F4-B493-2CE87D287BD9}.Release|Any CPU.ActiveCfg = Release|Any CPU
		{7DBE1B1F-E2AE-42F4-B493-2CE87D287BD9}.Release|Any CPU.Build.0 = Release|Any CPU
		{D0F223ED-D500-4731-B8AE-BC09B07469E0}.Debug|Any CPU.ActiveCfg = Debug|Any CPU
		{D0F223ED-D500-4731-B8AE-BC09B07469E0}.Debug|Any CPU.Build.0 = Debug|Any CPU
		{D0F223ED-D500-4731-B8AE-BC09B07469E0}.Release|Any CPU.ActiveCfg = Release|Any CPU
		{D0F223ED-D500-4731-B8AE-BC09B07469E0}.Release|Any CPU.Build.0 = Release|Any CPU
	EndGlobalSection
	GlobalSection(SolutionProperties) = preSolution
		HideSolutionNode = FALSE
	EndGlobalSection
EndGlobal
