
Microsoft Visual Studio Solution File, Format Version 12.00
# Visual Studio 2013
VisualStudioVersion = 12.0.40629.0
MinimumVisualStudioVersion = 10.0.40219.1
Project("{FAE04EC0-301F-11D3-BF4B-00C04F79EFBC}") = "ExerciseOne", "ExerciseOne\ExerciseOne.csproj", "{08AA1248-9AC8-4986-9FC7-60343A2495C0}"
EndProject
Project("{FAE04EC0-301F-11D3-BF4B-00C04F79EFBC}") = "ExerciseTwo", "ExerciseTwo\ExerciseTwo.csproj", "{35BD68C5-DDF1-445D-A541-8FCEB8034E91}"
EndProject
Project("{FAE04EC0-301F-11D3-BF4B-00C04F79EFBC}") = "ExerciseThree", "ExerciseThree\ExerciseThree.csproj", "{58A0070A-159A-4CA6-BDBD-C76AFCAE3601}"
EndProject
Project("{FAE04EC0-301F-11D3-BF4B-00C04F79EFBC}") = "ExerciseFour", "ExerciseFour\ExerciseFour.csproj", "{EDCAB14C-6974-4CC5-BD72-C12A9FBA0E21}"
EndProject
Global
	GlobalSection(SolutionConfigurationPlatforms) = preSolution
		Debug|Any CPU = Debug|Any CPU
		Release|Any CPU = Release|Any CPU
	EndGlobalSection
	GlobalSection(ProjectConfigurationPlatforms) = postSolution
		{08AA1248-9AC8-4986-9FC7-60343A2495C0}.Debug|Any CPU.ActiveCfg = Debug|Any CPU
		{08AA1248-9AC8-4986-9FC7-60343A2495C0}.Debug|Any CPU.Build.0 = Debug|Any CPU
		{08AA1248-9AC8-4986-9FC7-60343A2495C0}.Release|Any CPU.ActiveCfg = Release|Any CPU
		{08AA1248-9AC8-4986-9FC7-60343A2495C0}.Release|Any CPU.Build.0 = Release|Any CPU
		{35BD68C5-DDF1-445D-A541-8FCEB8034E91}.Debug|Any CPU.ActiveCfg = Debug|Any CPU
		{35BD68C5-DDF1-445D-A541-8FCEB8034E91}.Debug|Any CPU.Build.0 = Debug|Any CPU
		{35BD68C5-DDF1-445D-A541-8FCEB8034E91}.Release|Any CPU.ActiveCfg = Release|Any CPU
		{35BD68C5-DDF1-445D-A541-8FCEB8034E91}.Release|Any CPU.Build.0 = Release|Any CPU
		{58A0070A-159A-4CA6-BDBD-C76AFCAE3601}.Debug|Any CPU.ActiveCfg = Debug|Any CPU
		{58A0070A-159A-4CA6-BDBD-C76AFCAE3601}.Debug|Any CPU.Build.0 = Debug|Any CPU
		{58A0070A-159A-4CA6-BDBD-C76AFCAE3601}.Release|Any CPU.ActiveCfg = Release|Any CPU
		{58A0070A-159A-4CA6-BDBD-C76AFCAE3601}.Release|Any CPU.Build.0 = Release|Any CPU
		{EDCAB14C-6974-4CC5-BD72-C12A9FBA0E21}.Debug|Any CPU.ActiveCfg = Debug|Any CPU
		{EDCAB14C-6974-4CC5-BD72-C12A9FBA0E21}.Debug|Any CPU.Build.0 = Debug|Any CPU
		{EDCAB14C-6974-4CC5-BD72-C12A9FBA0E21}.Release|Any CPU.ActiveCfg = Release|Any CPU
		{EDCAB14C-6974-4CC5-BD72-C12A9FBA0E21}.Release|Any CPU.Build.0 = Release|Any CPU
	EndGlobalSection
	GlobalSection(SolutionProperties) = preSolution
		HideSolutionNode = FALSE
	EndGlobalSection
EndGlobal
